
Microsoft Visual Studio Solution File, Format Version 12.00
# Visual Studio Version 17
VisualStudioVersion = 17.11.35303.130
MinimumVisualStudioVersion = 10.0.40219.1
Project("{9A19103F-16F7-4668-BE54-9A1E7A4F7556}") = "LeahueGames", "LeahueGames\LeahueGames.csproj", "{31BDCEA4-B726-4C1C-AE4F-0DF90D33CB1A}"
EndProject
Project("{FAE04EC0-301F-11D3-BF4B-00C04F79EFBC}") = "LeagueGames.API", "LeagueGames.API\LeagueGames.API.csproj", "{4EBFBB44-7065-4517-B8D4-D1CF3EA82FCA}"
EndProject
Global
	GlobalSection(SolutionConfigurationPlatforms) = preSolution
		Debug|Any CPU = Debug|Any CPU
		Release|Any CPU = Release|Any CPU
	EndGlobalSection
	GlobalSection(ProjectConfigurationPlatforms) = postSolution
		{31BDCEA4-B726-4C1C-AE4F-0DF90D33CB1A}.Debug|Any CPU.ActiveCfg = Debug|Any CPU
		{31BDCEA4-B726-4C1C-AE4F-0DF90D33CB1A}.Debug|Any CPU.Build.0 = Debug|Any CPU
		{31BDCEA4-B726-4C1C-AE4F-0DF90D33CB1A}.Release|Any CPU.ActiveCfg = Release|Any CPU
		{31BDCEA4-B726-4C1C-AE4F-0DF90D33CB1A}.Release|Any CPU.Build.0 = Release|Any CPU
		{4EBFBB44-7065-4517-B8D4-D1CF3EA82FCA}.Debug|Any CPU.ActiveCfg = Debug|Any CPU
		{4EBFBB44-7065-4517-B8D4-D1CF3EA82FCA}.Debug|Any CPU.Build.0 = Debug|Any CPU
		{4EBFBB44-7065-4517-B8D4-D1CF3EA82FCA}.Release|Any CPU.ActiveCfg = Release|Any CPU
		{4EBFBB44-7065-4517-B8D4-D1CF3EA82FCA}.Release|Any CPU.Build.0 = Release|Any CPU
	EndGlobalSection
	GlobalSection(SolutionProperties) = preSolution
		HideSolutionNode = FALSE
	EndGlobalSection
	GlobalSection(ExtensibilityGlobals) = postSolution
		SolutionGuid = {41906418-8560-41EB-B577-F9FCA7589D0C}
	EndGlobalSection
EndGlobal
